// !$*UTF8*$!
{
	archiveVersion = 1;
	classes = {
	};
	objectVersion = 77;
	objects = {

/* Begin PBXContainerItemProxy section */
		A05144412ECCB09F00BFF9A0 /* PBXContainerItemProxy */ = {
			isa = PBXContainerItemProxy;
			containerPortal = A05144222ECCB09E00BFF9A0 /* Project object */;
			proxyType = 1;
			remoteGlobalIDString = A05144292ECCB09E00BFF9A0;
			remoteInfo = QueroSerMB;
		};
		A051444B2ECCB0A000BFF9A0 /* PBXContainerItemProxy */ = {
			isa = PBXContainerItemProxy;
			containerPortal = A05144222ECCB09E00BFF9A0 /* Project object */;
			proxyType = 1;
			remoteGlobalIDString = A05144292ECCB09E00BFF9A0;
			remoteInfo = QueroSerMB;
		};
/* End PBXContainerItemProxy section */

/* Begin PBXFileReference section */
		A051442A2ECCB09E00BFF9A0 /* QueroSerMB.app */ = {isa = PBXFileReference; explicitFileType = wrapper.application; includeInIndex = 0; path = QueroSerMB.app; sourceTree = BUILT_PRODUCTS_DIR; };
		A05144402ECCB09F00BFF9A0 /* QueroSerMBTests.xctest */ = {isa = PBXFileReference; explicitFileType = wrapper.cfbundle; includeInIndex = 0; path = QueroSerMBTests.xctest; sourceTree = BUILT_PRODUCTS_DIR; };
		A051444A2ECCB0A000BFF9A0 /* QueroSerMBUITests.xctest */ = {isa = PBXFileReference; explicitFileType = wrapper.cfbundle; includeInIndex = 0; path = QueroSerMBUITests.xctest; sourceTree = BUILT_PRODUCTS_DIR; };
/* End PBXFileReference section */

/* Begin PBXFileSystemSynchronizedBuildFileExceptionSet section */
		A05144522ECCB0A000BFF9A0 /* Exceptions for "QueroSerMB" folder in "QueroSerMB" target */ = {
			isa = PBXFileSystemSynchronizedBuildFileExceptionSet;
			membershipExceptions = (
				Info.plist,
			);
			target = A05144292ECCB09E00BFF9A0 /* QueroSerMB */;
		};
/* End PBXFileSystemSynchronizedBuildFileExceptionSet section */

/* Begin PBXFileSystemSynchronizedRootGroup section */
		A051442C2ECCB09E00BFF9A0 /* QueroSerMB */ = {
			isa = PBXFileSystemSynchronizedRootGroup;
			exceptions = (
				A05144522ECCB0A000BFF9A0 /* Exceptions for "QueroSerMB" folder in "QueroSerMB" target */,
			);
			path = QueroSerMB;
			sourceTree = "<group>";
		};
		A05144432ECCB09F00BFF9A0 /* QueroSerMBTests */ = {
			isa = PBXFileSystemSynchronizedRootGroup;
			path = QueroSerMBTests;
			sourceTree = "<group>";
		};
		A051444D2ECCB0A000BFF9A0 /* QueroSerMBUITests */ = {
			isa = PBXFileSystemSynchronizedRootGroup;
			path = QueroSerMBUITests;
			sourceTree = "<group>";
		};
/* End PBXFileSystemSynchronizedRootGroup section */

/* Begin PBXFrameworksBuildPhase section */
		A05144272ECCB09E00BFF9A0 /* Frameworks */ = {
			isa = PBXFrameworksBuildPhase;
			buildActionMask = 2147483647;
			files = (
			);
			runOnlyForDeploymentPostprocessing = 0;
		};
		A051443D2ECCB09F00BFF9A0 /* Frameworks */ = {
			isa = PBXFrameworksBuildPhase;
			buildActionMask = 2147483647;
			files = (
			);
			runOnlyForDeploymentPostprocessing = 0;
		};
		A05144472ECCB0A000BFF9A0 /* Frameworks */ = {
			isa = PBXFrameworksBuildPhase;
			buildActionMask = 2147483647;
			files = (
			);
			runOnlyForDeploymentPostprocessing = 0;
		};
/* End PBXFrameworksBuildPhase section */

/* Begin PBXGroup section */
		A05144212ECCB09E00BFF9A0 = {
			isa = PBXGroup;
			children = (
				A051442C2ECCB09E00BFF9A0 /* QueroSerMB */,
				A05144432ECCB09F00BFF9A0 /* QueroSerMBTests */,
				A051444D2ECCB0A000BFF9A0 /* QueroSerMBUITests */,
				A051442B2ECCB09E00BFF9A0 /* Products */,
			);
			sourceTree = "<group>";
		};
		A051442B2ECCB09E00BFF9A0 /* Products */ = {
			isa = PBXGroup;
			children = (
				A051442A2ECCB09E00BFF9A0 /* QueroSerMB.app */,
				A05144402ECCB09F00BFF9A0 /* QueroSerMBTests.xctest */,
				A051444A2ECCB0A000BFF9A0 /* QueroSerMBUITests.xctest */,
			);
			name = Products;
			sourceTree = "<group>";
		};
/* End PBXGroup section */

/* Begin PBXNativeTarget section */
		A05144292ECCB09E00BFF9A0 /* QueroSerMB */ = {
			isa = PBXNativeTarget;
			buildConfigurationList = A05144532ECCB0A000BFF9A0 /* Build configuration list for PBXNativeTarget "QueroSerMB" */;
			buildPhases = (
				A05144262ECCB09E00BFF9A0 /* Sources */,
				A05144272ECCB09E00BFF9A0 /* Frameworks */,
				A05144282ECCB09E00BFF9A0 /* Resources */,
			);
			buildRules = (
			);
			dependencies = (
			);
			fileSystemSynchronizedGroups = (
				A051442C2ECCB09E00BFF9A0 /* QueroSerMB */,
			);
			name = QueroSerMB;
			packageProductDependencies = (
			);
			productName = QueroSerMB;
			productReference = A051442A2ECCB09E00BFF9A0 /* QueroSerMB.app */;
			productType = "com.apple.product-type.application";
		};
		A051443F2ECCB09F00BFF9A0 /* QueroSerMBTests */ = {
			isa = PBXNativeTarget;
			buildConfigurationList = A05144582ECCB0A000BFF9A0 /* Build configuration list for PBXNativeTarget "QueroSerMBTests" */;
			buildPhases = (
				A051443C2ECCB09F00BFF9A0 /* Sources */,
				A051443D2ECCB09F00BFF9A0 /* Frameworks */,
				A051443E2ECCB09F00BFF9A0 /* Resources */,
			);
			buildRules = (
			);
			dependencies = (
				A05144422ECCB09F00BFF9A0 /* PBXTargetDependency */,
			);
			fileSystemSynchronizedGroups = (
				A05144432ECCB09F00BFF9A0 /* QueroSerMBTests */,
			);
			name = QueroSerMBTests;
			packageProductDependencies = (
			);
			productName = QueroSerMBTests;
			productReference = A05144402ECCB09F00BFF9A0 /* QueroSerMBTests.xctest */;
			productType = "com.apple.product-type.bundle.unit-test";
		};
		A05144492ECCB0A000BFF9A0 /* QueroSerMBUITests */ = {
			isa = PBXNativeTarget;
			buildConfigurationList = A051445B2ECCB0A000BFF9A0 /* Build configuration list for PBXNativeTarget "QueroSerMBUITests" */;
			buildPhases = (
				A05144462ECCB0A000BFF9A0 /* Sources */,
				A05144472ECCB0A000BFF9A0 /* Frameworks */,
				A05144482ECCB0A000BFF9A0 /* Resources */,
			);
			buildRules = (
			);
			dependencies = (
				A051444C2ECCB0A000BFF9A0 /* PBXTargetDependency */,
			);
			fileSystemSynchronizedGroups = (
				A051444D2ECCB0A000BFF9A0 /* QueroSerMBUITests */,
			);
			name = QueroSerMBUITests;
			packageProductDependencies = (
			);
			productName = QueroSerMBUITests;
			productReference = A051444A2ECCB0A000BFF9A0 /* QueroSerMBUITests.xctest */;
			productType = "com.apple.product-type.bundle.ui-testing";
		};
/* End PBXNativeTarget section */

/* Begin PBXProject section */
		A05144222ECCB09E00BFF9A0 /* Project object */ = {
			isa = PBXProject;
			attributes = {
				BuildIndependentTargetsInParallel = 1;
				LastSwiftUpdateCheck = 2600;
				LastUpgradeCheck = 2600;
				TargetAttributes = {
					A05144292ECCB09E00BFF9A0 = {
						CreatedOnToolsVersion = 26.0.1;
					};
					A051443F2ECCB09F00BFF9A0 = {
						CreatedOnToolsVersion = 26.0.1;
						TestTargetID = A05144292ECCB09E00BFF9A0;
					};
					A05144492ECCB0A000BFF9A0 = {
						CreatedOnToolsVersion = 26.0.1;
						TestTargetID = A05144292ECCB09E00BFF9A0;
					};
				};
			};
			buildConfigurationList = A05144252ECCB09E00BFF9A0 /* Build configuration list for PBXProject "QueroSerMB" */;
			developmentRegion = en;
			hasScannedForEncodings = 0;
			knownRegions = (
				en,
				Base,
			);
			mainGroup = A05144212ECCB09E00BFF9A0;
			minimizedProjectReferenceProxies = 1;
			preferredProjectObjectVersion = 77;
			productRefGroup = A051442B2ECCB09E00BFF9A0 /* Products */;
			projectDirPath = "";
			projectRoot = "";
			targets = (
				A05144292ECCB09E00BFF9A0 /* QueroSerMB */,
				A051443F2ECCB09F00BFF9A0 /* QueroSerMBTests */,
				A05144492ECCB0A000BFF9A0 /* QueroSerMBUITests */,
			);
		};
/* End PBXProject section */

/* Begin PBXResourcesBuildPhase section */
		A05144282ECCB09E00BFF9A0 /* Resources */ = {
			isa = PBXResourcesBuildPhase;
			buildActionMask = 2147483647;
			files = (
			);
			runOnlyForDeploymentPostprocessing = 0;
		};
		A051443E2ECCB09F00BFF9A0 /* Resources */ = {
			isa = PBXResourcesBuildPhase;
			buildActionMask = 2147483647;
			files = (
			);
			runOnlyForDeploymentPostprocessing = 0;
		};
		A05144482ECCB0A000BFF9A0 /* Resources */ = {
			isa = PBXResourcesBuildPhase;
			buildActionMask = 2147483647;
			files = (
			);
			runOnlyForDeploymentPostprocessing = 0;
		};
/* End PBXResourcesBuildPhase section */

/* Begin PBXSourcesBuildPhase section */
		A05144262ECCB09E00BFF9A0 /* Sources */ = {
			isa = PBXSourcesBuildPhase;
			buildActionMask = 2147483647;
			files = (
			);
			runOnlyForDeploymentPostprocessing = 0;
		};
		A051443C2ECCB09F00BFF9A0 /* Sources */ = {
			isa = PBXSourcesBuildPhase;
			buildActionMask = 2147483647;
			files = (
			);
			runOnlyForDeploymentPostprocessing = 0;
		};
		A05144462ECCB0A000BFF9A0 /* Sources */ = {
			isa = PBXSourcesBuildPhase;
			buildActionMask = 2147483647;
			files = (
			);
			runOnlyForDeploymentPostprocessing = 0;
		};
/* End PBXSourcesBuildPhase section */

/* Begin PBXTargetDependency section */
		A05144422ECCB09F00BFF9A0 /* PBXTargetDependency */ = {
			isa = PBXTargetDependency;
			target = A05144292ECCB09E00BFF9A0 /* QueroSerMB */;
			targetProxy = A05144412ECCB09F00BFF9A0 /* PBXContainerItemProxy */;
		};
		A051444C2ECCB0A000BFF9A0 /* PBXTargetDependency */ = {
			isa = PBXTargetDependency;
			target = A05144292ECCB09E00BFF9A0 /* QueroSerMB */;
			targetProxy = A051444B2ECCB0A000BFF9A0 /* PBXContainerItemProxy */;
		};
/* End PBXTargetDependency section */

/* Begin XCBuildConfiguration section */
		A05144542ECCB0A000BFF9A0 /* Debug */ = {
			isa = XCBuildConfiguration;
			buildSettings = {
				ASSETCATALOG_COMPILER_APPICON_NAME = AppIcon;
				ASSETCATALOG_COMPILER_GLOBAL_ACCENT_COLOR_NAME = AccentColor;
				CODE_SIGN_STYLE = Automatic;
				CURRENT_PROJECT_VERSION = 1;
				GENERATE_INFOPLIST_FILE = YES;
				INFOPLIST_FILE = QueroSerMB/Info.plist;
				INFOPLIST_KEY_UIApplicationSupportsIndirectInputEvents = YES;
				INFOPLIST_KEY_UILaunchStoryboardName = LaunchScreen;
				INFOPLIST_KEY_UIMainStoryboardFile = Main;
				INFOPLIST_KEY_UISupportedInterfaceOrientations_iPad = "UIInterfaceOrientationPortrait UIInterfaceOrientationPortraitUpsideDown UIInterfaceOrientationLandscapeLeft UIInterfaceOrientationLandscapeRight";
				INFOPLIST_KEY_UISupportedInterfaceOrientations_iPhone = "UIInterfaceOrientationPortrait UIInterfaceOrientationLandscapeLeft UIInterfaceOrientationLandscapeRight";
				LD_RUNPATH_SEARCH_PATHS = (
					"$(inherited)",
					"@executable_path/Frameworks",
				);
				MARKETING_VERSION = 1.0;
				PRODUCT_BUNDLE_IDENTIFIER = hundily.QueroSerMB;
				PRODUCT_NAME = "$(TARGET_NAME)";
				STRING_CATALOG_GENERATE_SYMBOLS = YES;
				SWIFT_APPROACHABLE_CONCURRENCY = YES;
				SWIFT_DEFAULT_ACTOR_ISOLATION = MainActor;
				SWIFT_EMIT_LOC_STRINGS = YES;
				SWIFT_UPCOMING_FEATURE_MEMBER_IMPORT_VISIBILITY = YES;
				SWIFT_VERSION = 5.0;
				TARGETED_DEVICE_FAMILY = "1,2";
			};
			name = Debug;
		};
		A05144552ECCB0A000BFF9A0 /* Release */ = {
			isa = XCBuildConfiguration;
			buildSettings = {
				ASSETCATALOG_COMPILER_APPICON_NAME = AppIcon;
				ASSETCATALOG_COMPILER_GLOBAL_ACCENT_COLOR_NAME = AccentColor;
				CODE_SIGN_STYLE = Automatic;
				CURRENT_PROJECT_VERSION = 1;
				GENERATE_INFOPLIST_FILE = YES;
				INFOPLIST_FILE = QueroSerMB/Info.plist;
				INFOPLIST_KEY_UIApplicationSupportsIndirectInputEvents = YES;
				INFOPLIST_KEY_UILaunchStoryboardName = LaunchScreen;
				INFOPLIST_KEY_UIMainStoryboardFile = Main;
				INFOPLIST_KEY_UISupportedInterfaceOrientations_iPad = "UIInterfaceOrientationPortrait UIInterfaceOrientationPortraitUpsideDown UIInterfaceOrientationLandscapeLeft UIInterfaceOrientationLandscapeRight";
				INFOPLIST_KEY_UISupportedInterfaceOrientations_iPhone = "UIInterfaceOrientationPortrait UIInterfaceOrientationLandscapeLeft UIInterfaceOrientationLandscapeRight";
				LD_RUNPATH_SEARCH_PATHS = (
					"$(inherited)",
					"@executable_path/Frameworks",
				);
				MARKETING_VERSION = 1.0;
				PRODUCT_BUNDLE_IDENTIFIER = hundily.QueroSerMB;
				PRODUCT_NAME = "$(TARGET_NAME)";
				STRING_CATALOG_GENERATE_SYMBOLS = YES;
				SWIFT_APPROACHABLE_CONCURRENCY = YES;
				SWIFT_DEFAULT_ACTOR_ISOLATION = MainActor;
				SWIFT_EMIT_LOC_STRINGS = YES;
				SWIFT_UPCOMING_FEATURE_MEMBER_IMPORT_VISIBILITY = YES;
				SWIFT_VERSION = 5.0;
				TARGETED_DEVICE_FAMILY = "1,2";
			};
			name = Release;
		};
		A05144562ECCB0A000BFF9A0 /* Debug */ = {
			isa = XCBuildConfiguration;
			buildSettings = {
				ALWAYS_SEARCH_USER_PATHS = NO;
				ASSETCATALOG_COMPILER_GENERATE_SWIFT_ASSET_SYMBOL_EXTENSIONS = YES;
				CLANG_ANALYZER_NONNULL = YES;
				CLANG_ANALYZER_NUMBER_OBJECT_CONVERSION = YES_AGGRESSIVE;
				CLANG_CXX_LANGUAGE_STANDARD = "gnu++20";
				CLANG_ENABLE_MODULES = YES;
				CLANG_ENABLE_OBJC_ARC = YES;
				CLANG_ENABLE_OBJC_WEAK = YES;
				CLANG_WARN_BLOCK_CAPTURE_AUTORELEASING = YES;
				CLANG_WARN_BOOL_CONVERSION = YES;
				CLANG_WARN_COMMA = YES;
				CLANG_WARN_CONSTANT_CONVERSION = YES;
				CLANG_WARN_DEPRECATED_OBJC_IMPLEMENTATIONS = YES;
				CLANG_WARN_DIRECT_OBJC_ISA_USAGE = YES_ERROR;
				CLANG_WARN_DOCUMENTATION_COMMENTS = YES;
				CLANG_WARN_EMPTY_BODY = YES;
				CLANG_WARN_ENUM_CONVERSION = YES;
				CLANG_WARN_INFINITE_RECURSION = YES;
				CLANG_WARN_INT_CONVERSION = YES;
				CLANG_WARN_NON_LITERAL_NULL_CONVERSION = YES;
				CLANG_WARN_OBJC_IMPLICIT_RETAIN_SELF = YES;
				CLANG_WARN_OBJC_LITERAL_CONVERSION = YES;
				CLANG_WARN_OBJC_ROOT_CLASS = YES_ERROR;
				CLANG_WARN_QUOTED_INCLUDE_IN_FRAMEWORK_HEADER = YES;
				CLANG_WARN_RANGE_LOOP_ANALYSIS = YES;
				CLANG_WARN_STRICT_PROTOTYPES = YES;
				CLANG_WARN_SUSPICIOUS_MOVE = YES;
				CLANG_WARN_UNGUARDED_AVAILABILITY = YES_AGGRESSIVE;
				CLANG_WARN_UNREACHABLE_CODE = YES;
				CLANG_WARN__DUPLICATE_METHOD_MATCH = YES;
				COPY_PHASE_STRIP = NO;
				DEBUG_INFORMATION_FORMAT = dwarf;
				ENABLE_STRICT_OBJC_MSGSEND = YES;
				ENABLE_TESTABILITY = YES;
				ENABLE_USER_SCRIPT_SANDBOXING = YES;
				GCC_C_LANGUAGE_STANDARD = gnu17;
				GCC_DYNAMIC_NO_PIC = NO;
				GCC_NO_COMMON_BLOCKS = YES;
				GCC_OPTIMIZATION_LEVEL = 0;
				GCC_PREPROCESSOR_DEFINITIONS = (
					"DEBUG=1",
					"$(inherited)",
				);
				GCC_WARN_64_TO_32_BIT_CONVERSION = YES;
				GCC_WARN_ABOUT_RETURN_TYPE = YES_ERROR;
				GCC_WARN_UNDECLARED_SELECTOR = YES;
				GCC_WARN_UNINITIALIZED_AUTOS = YES_AGGRESSIVE;
				GCC_WARN_UNUSED_FUNCTION = YES;
				GCC_WARN_UNUSED_VARIABLE = YES;
				IPHONEOS_DEPLOYMENT_TARGET = 26.0;
				LOCALIZATION_PREFERS_STRING_CATALOGS = YES;
				MTL_ENABLE_DEBUG_INFO = INCLUDE_SOURCE;
				MTL_FAST_MATH = YES;
				ONLY_ACTIVE_ARCH = YES;
				SDKROOT = iphoneos;
				SWIFT_ACTIVE_COMPILATION_CONDITIONS = "DEBUG $(inherited)";
				SWIFT_OPTIMIZATION_LEVEL = "-Onone";
			};
			name = Debug;
		};
		A05144572ECCB0A000BFF9A0 /* Release */ = {
			isa = XCBuildConfiguration;
			buildSettings = {
				ALWAYS_SEARCH_USER_PATHS = NO;
				ASSETCATALOG_COMPILER_GENERATE_SWIFT_ASSET_SYMBOL_EXTENSIONS = YES;
				CLANG_ANALYZER_NONNULL = YES;
				CLANG_ANALYZER_NUMBER_OBJECT_CONVERSION = YES_AGGRESSIVE;
				CLANG_CXX_LANGUAGE_STANDARD = "gnu++20";
				CLANG_ENABLE_MODULES = YES;
				CLANG_ENABLE_OBJC_ARC = YES;
				CLANG_ENABLE_OBJC_WEAK = YES;
				CLANG_WARN_BLOCK_CAPTURE_AUTORELEASING = YES;
				CLANG_WARN_BOOL_CONVERSION = YES;
				CLANG_WARN_COMMA = YES;
				CLANG_WARN_CONSTANT_CONVERSION = YES;
				CLANG_WARN_DEPRECATED_OBJC_IMPLEMENTATIONS = YES;
				CLANG_WARN_DIRECT_OBJC_ISA_USAGE = YES_ERROR;
				CLANG_WARN_DOCUMENTATION_COMMENTS = YES;
				CLANG_WARN_EMPTY_BODY = YES;
				CLANG_WARN_ENUM_CONVERSION = YES;
				CLANG_WARN_INFINITE_RECURSION = YES;
				CLANG_WARN_INT_CONVERSION = YES;
				CLANG_WARN_NON_LITERAL_NULL_CONVERSION = YES;
				CLANG_WARN_OBJC_IMPLICIT_RETAIN_SELF = YES;
				CLANG_WARN_OBJC_LITERAL_CONVERSION = YES;
				CLANG_WARN_OBJC_ROOT_CLASS = YES_ERROR;
				CLANG_WARN_QUOTED_INCLUDE_IN_FRAMEWORK_HEADER = YES;
				CLANG_WARN_RANGE_LOOP_ANALYSIS = YES;
				CLANG_WARN_STRICT_PROTOTYPES = YES;
				CLANG_WARN_SUSPICIOUS_MOVE = YES;
				CLANG_WARN_UNGUARDED_AVAILABILITY = YES_AGGRESSIVE;
				CLANG_WARN_UNREACHABLE_CODE = YES;
				CLANG_WARN__DUPLICATE_METHOD_MATCH = YES;
				COPY_PHASE_STRIP = NO;
				DEBUG_INFORMATION_FORMAT = "dwarf-with-dsym";
				ENABLE_NS_ASSERTIONS = NO;
				ENABLE_STRICT_OBJC_MSGSEND = YES;
				ENABLE_USER_SCRIPT_SANDBOXING = YES;
				GCC_C_LANGUAGE_STANDARD = gnu17;
				GCC_NO_COMMON_BLOCKS = YES;
				GCC_WARN_64_TO_32_BIT_CONVERSION = YES;
				GCC_WARN_ABOUT_RETURN_TYPE = YES_ERROR;
				GCC_WARN_UNDECLARED_SELECTOR = YES;
				GCC_WARN_UNINITIALIZED_AUTOS = YES_AGGRESSIVE;
				GCC_WARN_UNUSED_FUNCTION = YES;
				GCC_WARN_UNUSED_VARIABLE = YES;
				IPHONEOS_DEPLOYMENT_TARGET = 26.0;
				LOCALIZATION_PREFERS_STRING_CATALOGS = YES;
				MTL_ENABLE_DEBUG_INFO = NO;
				MTL_FAST_MATH = YES;
				SDKROOT = iphoneos;
				SWIFT_COMPILATION_MODE = wholemodule;
				VALIDATE_PRODUCT = YES;
			};
			name = Release;
		};
		A05144592ECCB0A000BFF9A0 /* Debug */ = {
			isa = XCBuildConfiguration;
			buildSettings = {
				BUNDLE_LOADER = "$(TEST_HOST)";
				CODE_SIGN_STYLE = Automatic;
				CURRENT_PROJECT_VERSION = 1;
				GENERATE_INFOPLIST_FILE = YES;
				IPHONEOS_DEPLOYMENT_TARGET = 26.0;
				MARKETING_VERSION = 1.0;
				PRODUCT_BUNDLE_IDENTIFIER = hundily.QueroSerMBTests;
				PRODUCT_NAME = "$(TARGET_NAME)";
				STRING_CATALOG_GENERATE_SYMBOLS = NO;
				SWIFT_APPROACHABLE_CONCURRENCY = YES;
				SWIFT_EMIT_LOC_STRINGS = NO;
				SWIFT_UPCOMING_FEATURE_MEMBER_IMPORT_VISIBILITY = YES;
				SWIFT_VERSION = 5.0;
				TARGETED_DEVICE_FAMILY = "1,2";
				TEST_HOST = "$(BUILT_PRODUCTS_DIR)/QueroSerMB.app/$(BUNDLE_EXECUTABLE_FOLDER_PATH)/QueroSerMB";
			};
			name = Debug;
		};
		A051445A2ECCB0A000BFF9A0 /* Release */ = {
			isa = XCBuildConfiguration;
			buildSettings = {
				BUNDLE_LOADER = "$(TEST_HOST)";
				CODE_SIGN_STYLE = Automatic;
				CURRENT_PROJECT_VERSION = 1;
				GENERATE_INFOPLIST_FILE = YES;
				IPHONEOS_DEPLOYMENT_TARGET = 26.0;
				MARKETING_VERSION = 1.0;
				PRODUCT_BUNDLE_IDENTIFIER = hundily.QueroSerMBTests;
				PRODUCT_NAME = "$(TARGET_NAME)";
				STRING_CATALOG_GENERATE_SYMBOLS = NO;
				SWIFT_APPROACHABLE_CONCURRENCY = YES;
				SWIFT_EMIT_LOC_STRINGS = NO;
				SWIFT_UPCOMING_FEATURE_MEMBER_IMPORT_VISIBILITY = YES;
				SWIFT_VERSION = 5.0;
				TARGETED_DEVICE_FAMILY = "1,2";
				TEST_HOST = "$(BUILT_PRODUCTS_DIR)/QueroSerMB.app/$(BUNDLE_EXECUTABLE_FOLDER_PATH)/QueroSerMB";
			};
			name = Release;
		};
		A051445C2ECCB0A000BFF9A0 /* Debug */ = {
			isa = XCBuildConfiguration;
			buildSettings = {
				CODE_SIGN_STYLE = Automatic;
				CURRENT_PROJECT_VERSION = 1;
				GENERATE_INFOPLIST_FILE = YES;
				MARKETING_VERSION = 1.0;
				PRODUCT_BUNDLE_IDENTIFIER = hundily.QueroSerMBUITests;
				PRODUCT_NAME = "$(TARGET_NAME)";
				STRING_CATALOG_GENERATE_SYMBOLS = NO;
				SWIFT_APPROACHABLE_CONCURRENCY = YES;
				SWIFT_EMIT_LOC_STRINGS = NO;
				SWIFT_UPCOMING_FEATURE_MEMBER_IMPORT_VISIBILITY = YES;
				SWIFT_VERSION = 5.0;
				TARGETED_DEVICE_FAMILY = "1,2";
				TEST_TARGET_NAME = QueroSerMB;
			};
			name = Debug;
		};
		A051445D2ECCB0A000BFF9A0 /* Release */ = {
			isa = XCBuildConfiguration;
			buildSettings = {
				CODE_SIGN_STYLE = Automatic;
				CURRENT_PROJECT_VERSION = 1;
				GENERATE_INFOPLIST_FILE = YES;
				MARKETING_VERSION = 1.0;
				PRODUCT_BUNDLE_IDENTIFIER = hundily.QueroSerMBUITests;
				PRODUCT_NAME = "$(TARGET_NAME)";
				STRING_CATALOG_GENERATE_SYMBOLS = NO;
				SWIFT_APPROACHABLE_CONCURRENCY = YES;
				SWIFT_EMIT_LOC_STRINGS = NO;
				SWIFT_UPCOMING_FEATURE_MEMBER_IMPORT_VISIBILITY = YES;
				SWIFT_VERSION = 5.0;
				TARGETED_DEVICE_FAMILY = "1,2";
				TEST_TARGET_NAME = QueroSerMB;
			};
			name = Release;
		};
/* End XCBuildConfiguration section */

/* Begin XCConfigurationList section */
		A05144252ECCB09E00BFF9A0 /* Build configuration list for PBXProject "QueroSerMB" */ = {
			isa = XCConfigurationList;
			buildConfigurations = (
				A05144562ECCB0A000BFF9A0 /* Debug */,
				A05144572ECCB0A000BFF9A0 /* Release */,
			);
			defaultConfigurationIsVisible = 0;
			defaultConfigurationName = Release;
		};
		A05144532ECCB0A000BFF9A0 /* Build configuration list for PBXNativeTarget "QueroSerMB" */ = {
			isa = XCConfigurationList;
			buildConfigurations = (
				A05144542ECCB0A000BFF9A0 /* Debug */,
				A05144552ECCB0A000BFF9A0 /* Release */,
			);
			defaultConfigurationIsVisible = 0;
			defaultConfigurationName = Release;
		};
		A05144582ECCB0A000BFF9A0 /* Build configuration list for PBXNativeTarget "QueroSerMBTests" */ = {
			isa = XCConfigurationList;
			buildConfigurations = (
				A05144592ECCB0A000BFF9A0 /* Debug */,
				A051445A2ECCB0A000BFF9A0 /* Release */,
			);
			defaultConfigurationIsVisible = 0;
			defaultConfigurationName = Release;
		};
		A051445B2ECCB0A000BFF9A0 /* Build configuration list for PBXNativeTarget "QueroSerMBUITests" */ = {
			isa = XCConfigurationList;
			buildConfigurations = (
				A051445C2ECCB0A000BFF9A0 /* Debug */,
				A051445D2ECCB0A000BFF9A0 /* Release */,
			);
			defaultConfigurationIsVisible = 0;
			defaultConfigurationName = Release;
		};
/* End XCConfigurationList section */
	};
	rootObject = A05144222ECCB09E00BFF9A0 /* Project object */;
}
